
Microsoft Visual Studio Solution File, Format Version 12.00
# Visual Studio Version 17
VisualStudioVersion = 17.3.32811.315
MinimumVisualStudioVersion = 10.0.40219.1
Project("{FAE04EC0-301F-11D3-BF4B-00C04F79EFBC}") = "Practical 39", "Practical 39\Practical 39.csproj", "{E22DA157-DEF8-44F2-9A6A-1A4BACAE8817}"
EndProject
Global
	GlobalSection(SolutionConfigurationPlatforms) = preSolution
		Debug|Any CPU = Debug|Any CPU
		Release|Any CPU = Release|Any CPU
	EndGlobalSection
	GlobalSection(ProjectConfigurationPlatforms) = postSolution
		{E22DA157-DEF8-44F2-9A6A-1A4BACAE8817}.Debug|Any CPU.ActiveCfg = Debug|Any CPU
		{E22DA157-DEF8-44F2-9A6A-1A4BACAE8817}.Debug|Any CPU.Build.0 = Debug|Any CPU
		{E22DA157-DEF8-44F2-9A6A-1A4BACAE8817}.Release|Any CPU.ActiveCfg = Release|Any CPU
		{E22DA157-DEF8-44F2-9A6A-1A4BACAE8817}.Release|Any CPU.Build.0 = Release|Any CPU
	EndGlobalSection
	GlobalSection(SolutionProperties) = preSolution
		HideSolutionNode = FALSE
	EndGlobalSection
	GlobalSection(ExtensibilityGlobals) = postSolution
		SolutionGuid = {999BBD06-6B2E-4AB6-8365-6F71B6AC3736}
	EndGlobalSection
EndGlobal
