
Microsoft Visual Studio Solution File, Format Version 12.00
# Visual Studio Version 17
VisualStudioVersion = 17.3.32819.101
MinimumVisualStudioVersion = 10.0.40219.1
Project("{FAE04EC0-301F-11D3-BF4B-00C04F79EFBC}") = "Practical 5", "Practical 5\Practical 5.csproj", "{3845DE45-06F0-4E05-B7D6-5C838A139F39}"
EndProject
Global
	GlobalSection(SolutionConfigurationPlatforms) = preSolution
		Debug|Any CPU = Debug|Any CPU
		Release|Any CPU = Release|Any CPU
	EndGlobalSection
	GlobalSection(ProjectConfigurationPlatforms) = postSolution
		{3845DE45-06F0-4E05-B7D6-5C838A139F39}.Debug|Any CPU.ActiveCfg = Debug|Any CPU
		{3845DE45-06F0-4E05-B7D6-5C838A139F39}.Debug|Any CPU.Build.0 = Debug|Any CPU
		{3845DE45-06F0-4E05-B7D6-5C838A139F39}.Release|Any CPU.ActiveCfg = Release|Any CPU
		{3845DE45-06F0-4E05-B7D6-5C838A139F39}.Release|Any CPU.Build.0 = Release|Any CPU
	EndGlobalSection
	GlobalSection(SolutionProperties) = preSolution
		HideSolutionNode = FALSE
	EndGlobalSection
	GlobalSection(ExtensibilityGlobals) = postSolution
		SolutionGuid = {983BF98D-394E-4A96-A687-A6E7BC68E53A}
	EndGlobalSection
EndGlobal
