
Microsoft Visual Studio Solution File, Format Version 12.00
# Visual Studio Version 17
VisualStudioVersion = 17.3.32811.315
MinimumVisualStudioVersion = 10.0.40219.1
Project("{FAE04EC0-301F-11D3-BF4B-00C04F79EFBC}") = "Practical 30", "Practical 30\Practical 30.csproj", "{C6B81F5C-9DA2-40A0-B557-242FEAFA2733}"
EndProject
Global
	GlobalSection(SolutionConfigurationPlatforms) = preSolution
		Debug|Any CPU = Debug|Any CPU
		Release|Any CPU = Release|Any CPU
	EndGlobalSection
	GlobalSection(ProjectConfigurationPlatforms) = postSolution
		{C6B81F5C-9DA2-40A0-B557-242FEAFA2733}.Debug|Any CPU.ActiveCfg = Debug|Any CPU
		{C6B81F5C-9DA2-40A0-B557-242FEAFA2733}.Debug|Any CPU.Build.0 = Debug|Any CPU
		{C6B81F5C-9DA2-40A0-B557-242FEAFA2733}.Release|Any CPU.ActiveCfg = Release|Any CPU
		{C6B81F5C-9DA2-40A0-B557-242FEAFA2733}.Release|Any CPU.Build.0 = Release|Any CPU
	EndGlobalSection
	GlobalSection(SolutionProperties) = preSolution
		HideSolutionNode = FALSE
	EndGlobalSection
	GlobalSection(ExtensibilityGlobals) = postSolution
		SolutionGuid = {E0CDF7D8-97CE-4464-BC66-2A8A5B2BDC31}
	EndGlobalSection
EndGlobal
