
Microsoft Visual Studio Solution File, Format Version 12.00
# Visual Studio Version 17
VisualStudioVersion = 17.3.32819.101
MinimumVisualStudioVersion = 10.0.40219.1
Project("{FAE04EC0-301F-11D3-BF4B-00C04F79EFBC}") = "Practical 8", "Practical 8\Practical 8.csproj", "{674EF82B-540E-4AFE-904F-83DD1709DB68}"
EndProject
Global
	GlobalSection(SolutionConfigurationPlatforms) = preSolution
		Debug|Any CPU = Debug|Any CPU
		Release|Any CPU = Release|Any CPU
	EndGlobalSection
	GlobalSection(ProjectConfigurationPlatforms) = postSolution
		{674EF82B-540E-4AFE-904F-83DD1709DB68}.Debug|Any CPU.ActiveCfg = Debug|Any CPU
		{674EF82B-540E-4AFE-904F-83DD1709DB68}.Debug|Any CPU.Build.0 = Debug|Any CPU
		{674EF82B-540E-4AFE-904F-83DD1709DB68}.Release|Any CPU.ActiveCfg = Release|Any CPU
		{674EF82B-540E-4AFE-904F-83DD1709DB68}.Release|Any CPU.Build.0 = Release|Any CPU
	EndGlobalSection
	GlobalSection(SolutionProperties) = preSolution
		HideSolutionNode = FALSE
	EndGlobalSection
	GlobalSection(ExtensibilityGlobals) = postSolution
		SolutionGuid = {8A68C661-252B-4749-BE67-086B12A8D360}
	EndGlobalSection
EndGlobal
