
Microsoft Visual Studio Solution File, Format Version 12.00
# Visual Studio Version 17
VisualStudioVersion = 17.3.32819.101
MinimumVisualStudioVersion = 10.0.40219.1
Project("{FAE04EC0-301F-11D3-BF4B-00C04F79EFBC}") = "Practical 3", "Practical 3\Practical 3.csproj", "{FD3F391A-7D71-4E4D-B03A-94E38A7C1C72}"
EndProject
Global
	GlobalSection(SolutionConfigurationPlatforms) = preSolution
		Debug|Any CPU = Debug|Any CPU
		Release|Any CPU = Release|Any CPU
	EndGlobalSection
	GlobalSection(ProjectConfigurationPlatforms) = postSolution
		{FD3F391A-7D71-4E4D-B03A-94E38A7C1C72}.Debug|Any CPU.ActiveCfg = Debug|Any CPU
		{FD3F391A-7D71-4E4D-B03A-94E38A7C1C72}.Debug|Any CPU.Build.0 = Debug|Any CPU
		{FD3F391A-7D71-4E4D-B03A-94E38A7C1C72}.Release|Any CPU.ActiveCfg = Release|Any CPU
		{FD3F391A-7D71-4E4D-B03A-94E38A7C1C72}.Release|Any CPU.Build.0 = Release|Any CPU
	EndGlobalSection
	GlobalSection(SolutionProperties) = preSolution
		HideSolutionNode = FALSE
	EndGlobalSection
	GlobalSection(ExtensibilityGlobals) = postSolution
		SolutionGuid = {D8DDD4DA-3BEE-4209-8EEF-CAAFD8B3A214}
	EndGlobalSection
EndGlobal
