
Microsoft Visual Studio Solution File, Format Version 12.00
# Visual Studio Version 17
VisualStudioVersion = 17.3.32811.315
MinimumVisualStudioVersion = 10.0.40219.1
Project("{FAE04EC0-301F-11D3-BF4B-00C04F79EFBC}") = "Practical 35", "Practical 35\Practical 35.csproj", "{36653450-9CD3-412B-BF60-5DD445DCAFB0}"
EndProject
Global
	GlobalSection(SolutionConfigurationPlatforms) = preSolution
		Debug|Any CPU = Debug|Any CPU
		Release|Any CPU = Release|Any CPU
	EndGlobalSection
	GlobalSection(ProjectConfigurationPlatforms) = postSolution
		{36653450-9CD3-412B-BF60-5DD445DCAFB0}.Debug|Any CPU.ActiveCfg = Debug|Any CPU
		{36653450-9CD3-412B-BF60-5DD445DCAFB0}.Debug|Any CPU.Build.0 = Debug|Any CPU
		{36653450-9CD3-412B-BF60-5DD445DCAFB0}.Release|Any CPU.ActiveCfg = Release|Any CPU
		{36653450-9CD3-412B-BF60-5DD445DCAFB0}.Release|Any CPU.Build.0 = Release|Any CPU
	EndGlobalSection
	GlobalSection(SolutionProperties) = preSolution
		HideSolutionNode = FALSE
	EndGlobalSection
	GlobalSection(ExtensibilityGlobals) = postSolution
		SolutionGuid = {E9233809-4D32-4169-9D16-05C27D225CBC}
	EndGlobalSection
EndGlobal
