
Microsoft Visual Studio Solution File, Format Version 12.00
# Visual Studio Version 17
VisualStudioVersion = 17.3.32819.101
MinimumVisualStudioVersion = 10.0.40219.1
Project("{FAE04EC0-301F-11D3-BF4B-00C04F79EFBC}") = "Practical 6", "Practical 6\Practical 6.csproj", "{3284C83F-51D4-43FD-ABA5-96E73AF20995}"
EndProject
Global
	GlobalSection(SolutionConfigurationPlatforms) = preSolution
		Debug|Any CPU = Debug|Any CPU
		Release|Any CPU = Release|Any CPU
	EndGlobalSection
	GlobalSection(ProjectConfigurationPlatforms) = postSolution
		{3284C83F-51D4-43FD-ABA5-96E73AF20995}.Debug|Any CPU.ActiveCfg = Debug|Any CPU
		{3284C83F-51D4-43FD-ABA5-96E73AF20995}.Debug|Any CPU.Build.0 = Debug|Any CPU
		{3284C83F-51D4-43FD-ABA5-96E73AF20995}.Release|Any CPU.ActiveCfg = Release|Any CPU
		{3284C83F-51D4-43FD-ABA5-96E73AF20995}.Release|Any CPU.Build.0 = Release|Any CPU
	EndGlobalSection
	GlobalSection(SolutionProperties) = preSolution
		HideSolutionNode = FALSE
	EndGlobalSection
	GlobalSection(ExtensibilityGlobals) = postSolution
		SolutionGuid = {B55178A4-6FFE-479F-AD97-C63BEF0C2471}
	EndGlobalSection
EndGlobal
