
Microsoft Visual Studio Solution File, Format Version 12.00
# Visual Studio Version 17
VisualStudioVersion = 17.3.32811.315
MinimumVisualStudioVersion = 10.0.40219.1
Project("{FAE04EC0-301F-11D3-BF4B-00C04F79EFBC}") = "Practical 46", "Practical 46\Practical 46.csproj", "{FE1079B0-E2AE-49C6-BC2C-1B077EDB5A4A}"
EndProject
Global
	GlobalSection(SolutionConfigurationPlatforms) = preSolution
		Debug|Any CPU = Debug|Any CPU
		Release|Any CPU = Release|Any CPU
	EndGlobalSection
	GlobalSection(ProjectConfigurationPlatforms) = postSolution
		{FE1079B0-E2AE-49C6-BC2C-1B077EDB5A4A}.Debug|Any CPU.ActiveCfg = Debug|Any CPU
		{FE1079B0-E2AE-49C6-BC2C-1B077EDB5A4A}.Debug|Any CPU.Build.0 = Debug|Any CPU
		{FE1079B0-E2AE-49C6-BC2C-1B077EDB5A4A}.Release|Any CPU.ActiveCfg = Release|Any CPU
		{FE1079B0-E2AE-49C6-BC2C-1B077EDB5A4A}.Release|Any CPU.Build.0 = Release|Any CPU
	EndGlobalSection
	GlobalSection(SolutionProperties) = preSolution
		HideSolutionNode = FALSE
	EndGlobalSection
	GlobalSection(ExtensibilityGlobals) = postSolution
		SolutionGuid = {18FB8D40-3866-4D95-86A3-1ED533DEF296}
	EndGlobalSection
EndGlobal
