
Microsoft Visual Studio Solution File, Format Version 12.00
# Visual Studio Version 17
VisualStudioVersion = 17.3.32811.315
MinimumVisualStudioVersion = 10.0.40219.1
Project("{FAE04EC0-301F-11D3-BF4B-00C04F79EFBC}") = "Practical  29", "Practical  29\Practical  29.csproj", "{F5507151-AE01-4DDC-949C-FB338914B0F0}"
EndProject
Global
	GlobalSection(SolutionConfigurationPlatforms) = preSolution
		Debug|Any CPU = Debug|Any CPU
		Release|Any CPU = Release|Any CPU
	EndGlobalSection
	GlobalSection(ProjectConfigurationPlatforms) = postSolution
		{F5507151-AE01-4DDC-949C-FB338914B0F0}.Debug|Any CPU.ActiveCfg = Debug|Any CPU
		{F5507151-AE01-4DDC-949C-FB338914B0F0}.Debug|Any CPU.Build.0 = Debug|Any CPU
		{F5507151-AE01-4DDC-949C-FB338914B0F0}.Release|Any CPU.ActiveCfg = Release|Any CPU
		{F5507151-AE01-4DDC-949C-FB338914B0F0}.Release|Any CPU.Build.0 = Release|Any CPU
	EndGlobalSection
	GlobalSection(SolutionProperties) = preSolution
		HideSolutionNode = FALSE
	EndGlobalSection
	GlobalSection(ExtensibilityGlobals) = postSolution
		SolutionGuid = {916791B9-0B99-42F6-BAD8-A34AC4FEDB02}
	EndGlobalSection
EndGlobal
