
Microsoft Visual Studio Solution File, Format Version 12.00
# Visual Studio Version 17
VisualStudioVersion = 17.3.32811.315
MinimumVisualStudioVersion = 10.0.40219.1
Project("{FAE04EC0-301F-11D3-BF4B-00C04F79EFBC}") = "Practical 31", "Practical 31\Practical 31.csproj", "{664A7561-A7ED-439B-AE1A-24EC965CA1A2}"
EndProject
Global
	GlobalSection(SolutionConfigurationPlatforms) = preSolution
		Debug|Any CPU = Debug|Any CPU
		Release|Any CPU = Release|Any CPU
	EndGlobalSection
	GlobalSection(ProjectConfigurationPlatforms) = postSolution
		{664A7561-A7ED-439B-AE1A-24EC965CA1A2}.Debug|Any CPU.ActiveCfg = Debug|Any CPU
		{664A7561-A7ED-439B-AE1A-24EC965CA1A2}.Debug|Any CPU.Build.0 = Debug|Any CPU
		{664A7561-A7ED-439B-AE1A-24EC965CA1A2}.Release|Any CPU.ActiveCfg = Release|Any CPU
		{664A7561-A7ED-439B-AE1A-24EC965CA1A2}.Release|Any CPU.Build.0 = Release|Any CPU
	EndGlobalSection
	GlobalSection(SolutionProperties) = preSolution
		HideSolutionNode = FALSE
	EndGlobalSection
	GlobalSection(ExtensibilityGlobals) = postSolution
		SolutionGuid = {90ACF11E-3A09-470B-B25D-027B9D6C1B47}
	EndGlobalSection
EndGlobal
