
Microsoft Visual Studio Solution File, Format Version 12.00
# Visual Studio Version 17
VisualStudioVersion = 17.3.32819.101
MinimumVisualStudioVersion = 10.0.40219.1
Project("{FAE04EC0-301F-11D3-BF4B-00C04F79EFBC}") = "Practiical 12", "Practiical 12\Practiical 12.csproj", "{640E99CF-595D-4FCD-8736-069714C1451F}"
EndProject
Global
	GlobalSection(SolutionConfigurationPlatforms) = preSolution
		Debug|Any CPU = Debug|Any CPU
		Release|Any CPU = Release|Any CPU
	EndGlobalSection
	GlobalSection(ProjectConfigurationPlatforms) = postSolution
		{640E99CF-595D-4FCD-8736-069714C1451F}.Debug|Any CPU.ActiveCfg = Debug|Any CPU
		{640E99CF-595D-4FCD-8736-069714C1451F}.Debug|Any CPU.Build.0 = Debug|Any CPU
		{640E99CF-595D-4FCD-8736-069714C1451F}.Release|Any CPU.ActiveCfg = Release|Any CPU
		{640E99CF-595D-4FCD-8736-069714C1451F}.Release|Any CPU.Build.0 = Release|Any CPU
	EndGlobalSection
	GlobalSection(SolutionProperties) = preSolution
		HideSolutionNode = FALSE
	EndGlobalSection
	GlobalSection(ExtensibilityGlobals) = postSolution
		SolutionGuid = {AF7573F8-B6B1-42D3-9F1A-E0336D602EF2}
	EndGlobalSection
EndGlobal
