
Microsoft Visual Studio Solution File, Format Version 12.00
# Visual Studio Version 17
VisualStudioVersion = 17.3.32811.315
MinimumVisualStudioVersion = 10.0.40219.1
Project("{FAE04EC0-301F-11D3-BF4B-00C04F79EFBC}") = "Practical 34", "Practical 34\Practical 34.csproj", "{282B9E91-F5E8-41D5-8E8D-40C2729E44D9}"
EndProject
Global
	GlobalSection(SolutionConfigurationPlatforms) = preSolution
		Debug|Any CPU = Debug|Any CPU
		Release|Any CPU = Release|Any CPU
	EndGlobalSection
	GlobalSection(ProjectConfigurationPlatforms) = postSolution
		{282B9E91-F5E8-41D5-8E8D-40C2729E44D9}.Debug|Any CPU.ActiveCfg = Debug|Any CPU
		{282B9E91-F5E8-41D5-8E8D-40C2729E44D9}.Debug|Any CPU.Build.0 = Debug|Any CPU
		{282B9E91-F5E8-41D5-8E8D-40C2729E44D9}.Release|Any CPU.ActiveCfg = Release|Any CPU
		{282B9E91-F5E8-41D5-8E8D-40C2729E44D9}.Release|Any CPU.Build.0 = Release|Any CPU
	EndGlobalSection
	GlobalSection(SolutionProperties) = preSolution
		HideSolutionNode = FALSE
	EndGlobalSection
	GlobalSection(ExtensibilityGlobals) = postSolution
		SolutionGuid = {423F52B0-73A9-442E-BF90-F8CBF8CECBFA}
	EndGlobalSection
EndGlobal
