
Microsoft Visual Studio Solution File, Format Version 12.00
# Visual Studio Version 17
VisualStudioVersion = 17.3.32819.101
MinimumVisualStudioVersion = 10.0.40219.1
Project("{FAE04EC0-301F-11D3-BF4B-00C04F79EFBC}") = "Practical 2", "Practical 2\Practical 2.csproj", "{3CCE04A4-8A38-4CBD-BEA5-6001659C6DD1}"
EndProject
Global
	GlobalSection(SolutionConfigurationPlatforms) = preSolution
		Debug|Any CPU = Debug|Any CPU
		Release|Any CPU = Release|Any CPU
	EndGlobalSection
	GlobalSection(ProjectConfigurationPlatforms) = postSolution
		{3CCE04A4-8A38-4CBD-BEA5-6001659C6DD1}.Debug|Any CPU.ActiveCfg = Debug|Any CPU
		{3CCE04A4-8A38-4CBD-BEA5-6001659C6DD1}.Debug|Any CPU.Build.0 = Debug|Any CPU
		{3CCE04A4-8A38-4CBD-BEA5-6001659C6DD1}.Release|Any CPU.ActiveCfg = Release|Any CPU
		{3CCE04A4-8A38-4CBD-BEA5-6001659C6DD1}.Release|Any CPU.Build.0 = Release|Any CPU
	EndGlobalSection
	GlobalSection(SolutionProperties) = preSolution
		HideSolutionNode = FALSE
	EndGlobalSection
	GlobalSection(ExtensibilityGlobals) = postSolution
		SolutionGuid = {1CC4F088-ED34-4217-AF60-4E29A339D53C}
	EndGlobalSection
EndGlobal
